
Microsoft Visual Studio Solution File, Format Version 12.00
# Visual Studio Version 16
VisualStudioVersion = 16.0.29025.244
MinimumVisualStudioVersion = 10.0.40219.1
Project("{FAE04EC0-301F-11D3-BF4B-00C04F79EFBC}") = "XmlObjekti", "XmlObjekti\XmlObjekti.csproj", "{AFEFFD48-5D5D-4855-9D7B-A4E8B30382B2}"
EndProject
Global
	GlobalSection(SolutionConfigurationPlatforms) = preSolution
		Debug|Any CPU = Debug|Any CPU
		Release|Any CPU = Release|Any CPU
	EndGlobalSection
	GlobalSection(ProjectConfigurationPlatforms) = postSolution
		{AFEFFD48-5D5D-4855-9D7B-A4E8B30382B2}.Debug|Any CPU.ActiveCfg = Debug|Any CPU
		{AFEFFD48-5D5D-4855-9D7B-A4E8B30382B2}.Debug|Any CPU.Build.0 = Debug|Any CPU
		{AFEFFD48-5D5D-4855-9D7B-A4E8B30382B2}.Release|Any CPU.ActiveCfg = Release|Any CPU
		{AFEFFD48-5D5D-4855-9D7B-A4E8B30382B2}.Release|Any CPU.Build.0 = Release|Any CPU
	EndGlobalSection
	GlobalSection(SolutionProperties) = preSolution
		HideSolutionNode = FALSE
	EndGlobalSection
	GlobalSection(ExtensibilityGlobals) = postSolution
		SolutionGuid = {932CCC81-A8B3-4E58-B890-4DF8B216DF3E}
	EndGlobalSection
EndGlobal
