
Microsoft Visual Studio Solution File, Format Version 12.00
# Visual Studio Version 16
VisualStudioVersion = 16.0.29025.244
MinimumVisualStudioVersion = 10.0.40219.1
Project("{FAE04EC0-301F-11D3-BF4B-00C04F79EFBC}") = "Binding", "Binding\Binding.csproj", "{91EE3223-AE3B-4CDE-A3EF-55A0B9CCBEA5}"
EndProject
Global
	GlobalSection(SolutionConfigurationPlatforms) = preSolution
		Debug|Any CPU = Debug|Any CPU
		Release|Any CPU = Release|Any CPU
	EndGlobalSection
	GlobalSection(ProjectConfigurationPlatforms) = postSolution
		{91EE3223-AE3B-4CDE-A3EF-55A0B9CCBEA5}.Debug|Any CPU.ActiveCfg = Debug|Any CPU
		{91EE3223-AE3B-4CDE-A3EF-55A0B9CCBEA5}.Debug|Any CPU.Build.0 = Debug|Any CPU
		{91EE3223-AE3B-4CDE-A3EF-55A0B9CCBEA5}.Release|Any CPU.ActiveCfg = Release|Any CPU
		{91EE3223-AE3B-4CDE-A3EF-55A0B9CCBEA5}.Release|Any CPU.Build.0 = Release|Any CPU
	EndGlobalSection
	GlobalSection(SolutionProperties) = preSolution
		HideSolutionNode = FALSE
	EndGlobalSection
	GlobalSection(ExtensibilityGlobals) = postSolution
		SolutionGuid = {CC3C1941-4875-4BFA-BCBC-2CC82900DF9C}
	EndGlobalSection
EndGlobal
