
Microsoft Visual Studio Solution File, Format Version 12.00
# Visual Studio Version 16
VisualStudioVersion = 16.0.29025.244
MinimumVisualStudioVersion = 10.0.40219.1
Project("{FAE04EC0-301F-11D3-BF4B-00C04F79EFBC}") = "TDDBankomat", "TDDBankomat\TDDBankomat.csproj", "{45C4C349-717E-47E2-8C7C-83B8DF6B191F}"
EndProject
Project("{FAE04EC0-301F-11D3-BF4B-00C04F79EFBC}") = "BankomatAppTests", "BankomatAppTests\BankomatAppTests.csproj", "{744A9D50-32CD-4D5F-BE3E-C4946293C123}"
EndProject
Global
	GlobalSection(SolutionConfigurationPlatforms) = preSolution
		Debug|Any CPU = Debug|Any CPU
		Release|Any CPU = Release|Any CPU
	EndGlobalSection
	GlobalSection(ProjectConfigurationPlatforms) = postSolution
		{45C4C349-717E-47E2-8C7C-83B8DF6B191F}.Debug|Any CPU.ActiveCfg = Debug|Any CPU
		{45C4C349-717E-47E2-8C7C-83B8DF6B191F}.Debug|Any CPU.Build.0 = Debug|Any CPU
		{45C4C349-717E-47E2-8C7C-83B8DF6B191F}.Release|Any CPU.ActiveCfg = Release|Any CPU
		{45C4C349-717E-47E2-8C7C-83B8DF6B191F}.Release|Any CPU.Build.0 = Release|Any CPU
		{744A9D50-32CD-4D5F-BE3E-C4946293C123}.Debug|Any CPU.ActiveCfg = Debug|Any CPU
		{744A9D50-32CD-4D5F-BE3E-C4946293C123}.Debug|Any CPU.Build.0 = Debug|Any CPU
		{744A9D50-32CD-4D5F-BE3E-C4946293C123}.Release|Any CPU.ActiveCfg = Release|Any CPU
		{744A9D50-32CD-4D5F-BE3E-C4946293C123}.Release|Any CPU.Build.0 = Release|Any CPU
	EndGlobalSection
	GlobalSection(SolutionProperties) = preSolution
		HideSolutionNode = FALSE
	EndGlobalSection
	GlobalSection(ExtensibilityGlobals) = postSolution
		SolutionGuid = {3C1606CC-BD19-4BF5-89F3-52D9089F588C}
	EndGlobalSection
EndGlobal
