
Microsoft Visual Studio Solution File, Format Version 12.00
# Visual Studio Version 16
VisualStudioVersion = 16.0.29403.142
MinimumVisualStudioVersion = 10.0.40219.1
Project("{FAE04EC0-301F-11D3-BF4B-00C04F79EFBC}") = "Delegati", "Delegati\Delegati.csproj", "{C75B110D-64D5-4C55-8BEC-ACE0233E5868}"
EndProject
Global
	GlobalSection(SolutionConfigurationPlatforms) = preSolution
		Debug|Any CPU = Debug|Any CPU
		Release|Any CPU = Release|Any CPU
	EndGlobalSection
	GlobalSection(ProjectConfigurationPlatforms) = postSolution
		{C75B110D-64D5-4C55-8BEC-ACE0233E5868}.Debug|Any CPU.ActiveCfg = Debug|Any CPU
		{C75B110D-64D5-4C55-8BEC-ACE0233E5868}.Debug|Any CPU.Build.0 = Debug|Any CPU
		{C75B110D-64D5-4C55-8BEC-ACE0233E5868}.Release|Any CPU.ActiveCfg = Release|Any CPU
		{C75B110D-64D5-4C55-8BEC-ACE0233E5868}.Release|Any CPU.Build.0 = Release|Any CPU
	EndGlobalSection
	GlobalSection(SolutionProperties) = preSolution
		HideSolutionNode = FALSE
	EndGlobalSection
	GlobalSection(ExtensibilityGlobals) = postSolution
		SolutionGuid = {20F62FF8-6B2F-4F6E-AAA1-59313C822376}
	EndGlobalSection
EndGlobal
