
Microsoft Visual Studio Solution File, Format Version 12.00
# Visual Studio Version 16
VisualStudioVersion = 16.0.29025.244
MinimumVisualStudioVersion = 10.0.40219.1
Project("{FAE04EC0-301F-11D3-BF4B-00C04F79EFBC}") = "Eventi", "Eventi\Eventi.csproj", "{6CD9F22C-E4F7-477C-8B96-316E4C47ECC5}"
EndProject
Global
	GlobalSection(SolutionConfigurationPlatforms) = preSolution
		Debug|Any CPU = Debug|Any CPU
		Release|Any CPU = Release|Any CPU
	EndGlobalSection
	GlobalSection(ProjectConfigurationPlatforms) = postSolution
		{6CD9F22C-E4F7-477C-8B96-316E4C47ECC5}.Debug|Any CPU.ActiveCfg = Debug|Any CPU
		{6CD9F22C-E4F7-477C-8B96-316E4C47ECC5}.Debug|Any CPU.Build.0 = Debug|Any CPU
		{6CD9F22C-E4F7-477C-8B96-316E4C47ECC5}.Release|Any CPU.ActiveCfg = Release|Any CPU
		{6CD9F22C-E4F7-477C-8B96-316E4C47ECC5}.Release|Any CPU.Build.0 = Release|Any CPU
	EndGlobalSection
	GlobalSection(SolutionProperties) = preSolution
		HideSolutionNode = FALSE
	EndGlobalSection
	GlobalSection(ExtensibilityGlobals) = postSolution
		SolutionGuid = {64209D2E-C7C5-4AB1-A88E-41F59EDBFE9D}
	EndGlobalSection
EndGlobal
