
Microsoft Visual Studio Solution File, Format Version 12.00
# Visual Studio Version 16
VisualStudioVersion = 16.0.29025.244
MinimumVisualStudioVersion = 10.0.40219.1
Project("{FAE04EC0-301F-11D3-BF4B-00C04F79EFBC}") = "Avantura", "Avantura\Avantura.csproj", "{5A871F2A-F1C6-4C27-BEE6-E4CF9D64DA02}"
EndProject
Global
	GlobalSection(SolutionConfigurationPlatforms) = preSolution
		Debug|Any CPU = Debug|Any CPU
		Release|Any CPU = Release|Any CPU
	EndGlobalSection
	GlobalSection(ProjectConfigurationPlatforms) = postSolution
		{5A871F2A-F1C6-4C27-BEE6-E4CF9D64DA02}.Debug|Any CPU.ActiveCfg = Debug|Any CPU
		{5A871F2A-F1C6-4C27-BEE6-E4CF9D64DA02}.Debug|Any CPU.Build.0 = Debug|Any CPU
		{5A871F2A-F1C6-4C27-BEE6-E4CF9D64DA02}.Release|Any CPU.ActiveCfg = Release|Any CPU
		{5A871F2A-F1C6-4C27-BEE6-E4CF9D64DA02}.Release|Any CPU.Build.0 = Release|Any CPU
	EndGlobalSection
	GlobalSection(SolutionProperties) = preSolution
		HideSolutionNode = FALSE
	EndGlobalSection
	GlobalSection(ExtensibilityGlobals) = postSolution
		SolutionGuid = {51230D56-3947-4612-A098-9592F001E041}
	EndGlobalSection
EndGlobal
